// !$*UTF8*$!
{
	archiveVersion = 1;
	classes = {
	};
	objectVersion = 46;
	objects = {

/* Begin PBXBuildFile section */
		4973F6AD1E30293F00EFAA10 /* Dictionary+Extensions.swift in Sources */ = {isa = PBXBuildFile; fileRef = 4973F6AC1E30293F00EFAA10 /* Dictionary+Extensions.swift */; };
		49AC21A31E2FD20F00EE8B7B /* NetworkAdapter.swift in Sources */ = {isa = PBXBuildFile; fileRef = 49AC21A21E2FD20F00EE8B7B /* NetworkAdapter.swift */; };
		49AC21A51E2FDAF200EE8B7B /* RecipesManager.swift in Sources */ = {isa = PBXBuildFile; fileRef = 49AC21A41E2FDAF200EE8B7B /* RecipesManager.swift */; };
		49AC21A71E30023000EE8B7B /* Ingredients.json in Resources */ = {isa = PBXBuildFile; fileRef = 49AC21A61E30023000EE8B7B /* Ingredients.json */; };
		49B36F8B1E2FD11D00D20CE9 /* AppDelegate.swift in Sources */ = {isa = PBXBuildFile; fileRef = 49B36F8A1E2FD11D00D20CE9 /* AppDelegate.swift */; };
		49B36F8D1E2FD11E00D20CE9 /* ViewController.swift in Sources */ = {isa = PBXBuildFile; fileRef = 49B36F8C1E2FD11E00D20CE9 /* ViewController.swift */; };
		49B36F901E2FD11E00D20CE9 /* Main.storyboard in Resources */ = {isa = PBXBuildFile; fileRef = 49B36F8E1E2FD11E00D20CE9 /* Main.storyboard */; };
		49B36F921E2FD11E00D20CE9 /* Assets.xcassets in Resources */ = {isa = PBXBuildFile; fileRef = 49B36F911E2FD11E00D20CE9 /* Assets.xcassets */; };
		49B36F951E2FD11E00D20CE9 /* LaunchScreen.storyboard in Resources */ = {isa = PBXBuildFile; fileRef = 49B36F931E2FD11E00D20CE9 /* LaunchScreen.storyboard */; };
		7CA8D6D942705F47439F13E3 /* Pods_DecoratorRecipes.framework in Frameworks */ = {isa = PBXBuildFile; fileRef = 90753471F9A0EF23887BE213 /* Pods_DecoratorRecipes.framework */; };
/* End PBXBuildFile section */

/* Begin PBXFileReference section */
		4973F6AC1E30293F00EFAA10 /* Dictionary+Extensions.swift */ = {isa = PBXFileReference; fileEncoding = 4; lastKnownFileType = sourcecode.swift; path = "Dictionary+Extensions.swift"; sourceTree = "<group>"; };
		49AC21A21E2FD20F00EE8B7B /* NetworkAdapter.swift */ = {isa = PBXFileReference; fileEncoding = 4; lastKnownFileType = sourcecode.swift; path = NetworkAdapter.swift; sourceTree = "<group>"; };
		49AC21A41E2FDAF200EE8B7B /* RecipesManager.swift */ = {isa = PBXFileReference; fileEncoding = 4; lastKnownFileType = sourcecode.swift; path = RecipesManager.swift; sourceTree = "<group>"; };
		49AC21A61E30023000EE8B7B /* Ingredients.json */ = {isa = PBXFileReference; fileEncoding = 4; lastKnownFileType = text.json; path = Ingredients.json; sourceTree = "<group>"; };
		49B36F871E2FD11D00D20CE9 /* DecoratorRecipes.app */ = {isa = PBXFileReference; explicitFileType = wrapper.application; includeInIndex = 0; path = DecoratorRecipes.app; sourceTree = BUILT_PRODUCTS_DIR; };
		49B36F8A1E2FD11D00D20CE9 /* AppDelegate.swift */ = {isa = PBXFileReference; lastKnownFileType = sourcecode.swift; path = AppDelegate.swift; sourceTree = "<group>"; };
		49B36F8C1E2FD11E00D20CE9 /* ViewController.swift */ = {isa = PBXFileReference; lastKnownFileType = sourcecode.swift; path = ViewController.swift; sourceTree = "<group>"; };
		49B36F8F1E2FD11E00D20CE9 /* Base */ = {isa = PBXFileReference; lastKnownFileType = file.storyboard; name = Base; path = Base.lproj/Main.storyboard; sourceTree = "<group>"; };
		49B36F911E2FD11E00D20CE9 /* Assets.xcassets */ = {isa = PBXFileReference; lastKnownFileType = folder.assetcatalog; path = Assets.xcassets; sourceTree = "<group>"; };
		49B36F941E2FD11E00D20CE9 /* Base */ = {isa = PBXFileReference; lastKnownFileType = file.storyboard; name = Base; path = Base.lproj/LaunchScreen.storyboard; sourceTree = "<group>"; };
		49B36F961E2FD11E00D20CE9 /* Info.plist */ = {isa = PBXFileReference; lastKnownFileType = text.plist.xml; path = Info.plist; sourceTree = "<group>"; };
		73070C9C7962BBA72A7DA7D5 /* Pods-DecoratorRecipes.release.xcconfig */ = {isa = PBXFileReference; includeInIndex = 1; lastKnownFileType = text.xcconfig; name = "Pods-DecoratorRecipes.release.xcconfig"; path = "Pods/Target Support Files/Pods-DecoratorRecipes/Pods-DecoratorRecipes.release.xcconfig"; sourceTree = "<group>"; };
		90753471F9A0EF23887BE213 /* Pods_DecoratorRecipes.framework */ = {isa = PBXFileReference; explicitFileType = wrapper.framework; includeInIndex = 0; path = Pods_DecoratorRecipes.framework; sourceTree = BUILT_PRODUCTS_DIR; };
		B18309C89BD10417C7B31BFC /* Pods-DecoratorRecipes.debug.xcconfig */ = {isa = PBXFileReference; includeInIndex = 1; lastKnownFileType = text.xcconfig; name = "Pods-DecoratorRecipes.debug.xcconfig"; path = "Pods/Target Support Files/Pods-DecoratorRecipes/Pods-DecoratorRecipes.debug.xcconfig"; sourceTree = "<group>"; };
/* End PBXFileReference section */

/* Begin PBXFrameworksBuildPhase section */
		49B36F841E2FD11D00D20CE9 /* Frameworks */ = {
			isa = PBXFrameworksBuildPhase;
			buildActionMask = 2147483647;
			files = (
				7CA8D6D942705F47439F13E3 /* Pods_DecoratorRecipes.framework in Frameworks */,
			);
			runOnlyForDeploymentPostprocessing = 0;
		};
/* End PBXFrameworksBuildPhase section */

/* Begin PBXGroup section */
		4973F6AB1E30293600EFAA10 /* Extensions */ = {
			isa = PBXGroup;
			children = (
				4973F6AC1E30293F00EFAA10 /* Dictionary+Extensions.swift */,
			);
			name = Extensions;
			sourceTree = "<group>";
		};
		49AC21A11E2FD1F300EE8B7B /* Networking */ = {
			isa = PBXGroup;
			children = (
				49AC21A21E2FD20F00EE8B7B /* NetworkAdapter.swift */,
			);
			name = Networking;
			sourceTree = "<group>";
		};
		49AC21A81E3002E400EE8B7B /* Managers */ = {
			isa = PBXGroup;
			children = (
				49AC21A41E2FDAF200EE8B7B /* RecipesManager.swift */,
			);
			name = Managers;
			sourceTree = "<group>";
		};
		49B36F7E1E2FD11D00D20CE9 = {
			isa = PBXGroup;
			children = (
				49B36F891E2FD11D00D20CE9 /* DecoratorRecipes */,
				49B36F881E2FD11D00D20CE9 /* Products */,
				4B14A6B845E6055ED4742B90 /* Pods */,
				69D12FD548FDB78EAD9F2B8B /* Frameworks */,
			);
			sourceTree = "<group>";
		};
		49B36F881E2FD11D00D20CE9 /* Products */ = {
			isa = PBXGroup;
			children = (
				49B36F871E2FD11D00D20CE9 /* DecoratorRecipes.app */,
			);
			name = Products;
			sourceTree = "<group>";
		};
		49B36F891E2FD11D00D20CE9 /* DecoratorRecipes */ = {
			isa = PBXGroup;
			children = (
				4973F6AB1E30293600EFAA10 /* Extensions */,
				49AC21A11E2FD1F300EE8B7B /* Networking */,
				49AC21A81E3002E400EE8B7B /* Managers */,
				49B36F8A1E2FD11D00D20CE9 /* AppDelegate.swift */,
				49B36F8C1E2FD11E00D20CE9 /* ViewController.swift */,
				49B36F8E1E2FD11E00D20CE9 /* Main.storyboard */,
				49B36F911E2FD11E00D20CE9 /* Assets.xcassets */,
				49B36F931E2FD11E00D20CE9 /* LaunchScreen.storyboard */,
				49B36F961E2FD11E00D20CE9 /* Info.plist */,
				49AC21A61E30023000EE8B7B /* Ingredients.json */,
			);
			path = DecoratorRecipes;
			sourceTree = "<group>";
		};
		4B14A6B845E6055ED4742B90 /* Pods */ = {
			isa = PBXGroup;
			children = (
				B18309C89BD10417C7B31BFC /* Pods-DecoratorRecipes.debug.xcconfig */,
				73070C9C7962BBA72A7DA7D5 /* Pods-DecoratorRecipes.release.xcconfig */,
			);
			name = Pods;
			sourceTree = "<group>";
		};
		69D12FD548FDB78EAD9F2B8B /* Frameworks */ = {
			isa = PBXGroup;
			children = (
				90753471F9A0EF23887BE213 /* Pods_DecoratorRecipes.framework */,
			);
			name = Frameworks;
			sourceTree = "<group>";
		};
/* End PBXGroup section */

/* Begin PBXNativeTarget section */
		49B36F861E2FD11D00D20CE9 /* DecoratorRecipes */ = {
			isa = PBXNativeTarget;
			buildConfigurationList = 49B36F991E2FD11E00D20CE9 /* Build configuration list for PBXNativeTarget "DecoratorRecipes" */;
			buildPhases = (
				AB1798D3C01F6346F6F8011A /* [CP] Check Pods Manifest.lock */,
				49B36F831E2FD11D00D20CE9 /* Sources */,
				49B36F841E2FD11D00D20CE9 /* Frameworks */,
				49B36F851E2FD11D00D20CE9 /* Resources */,
				D2E5A2E6D22B564F17ADE7DF /* [CP] Embed Pods Frameworks */,
				8D9EE58845611DE6CFAF9143 /* [CP] Copy Pods Resources */,
			);
			buildRules = (
			);
			dependencies = (
			);
			name = DecoratorRecipes;
			productName = DecoratorRecipes;
			productReference = 49B36F871E2FD11D00D20CE9 /* DecoratorRecipes.app */;
			productType = "com.apple.product-type.application";
		};
/* End PBXNativeTarget section */

/* Begin PBXProject section */
		49B36F7F1E2FD11D00D20CE9 /* Project object */ = {
			isa = PBXProject;
			attributes = {
				LastSwiftUpdateCheck = 0820;
				LastUpgradeCheck = 0820;
				ORGANIZATIONNAME = "Andrew Lopez-Vass";
				TargetAttributes = {
					49B36F861E2FD11D00D20CE9 = {
						CreatedOnToolsVersion = 8.2;
						DevelopmentTeam = 334C9KDJCL;
						ProvisioningStyle = Automatic;
					};
				};
			};
			buildConfigurationList = 49B36F821E2FD11D00D20CE9 /* Build configuration list for PBXProject "DecoratorRecipes" */;
			compatibilityVersion = "Xcode 3.2";
			developmentRegion = English;
			hasScannedForEncodings = 0;
			knownRegions = (
				en,
				Base,
			);
			mainGroup = 49B36F7E1E2FD11D00D20CE9;
			productRefGroup = 49B36F881E2FD11D00D20CE9 /* Products */;
			projectDirPath = "";
			projectRoot = "";
			targets = (
				49B36F861E2FD11D00D20CE9 /* DecoratorRecipes */,
			);
		};
/* End PBXProject section */

/* Begin PBXResourcesBuildPhase section */
		49B36F851E2FD11D00D20CE9 /* Resources */ = {
			isa = PBXResourcesBuildPhase;
			buildActionMask = 2147483647;
			files = (
				49AC21A71E30023000EE8B7B /* Ingredients.json in Resources */,
				49B36F951E2FD11E00D20CE9 /* LaunchScreen.storyboard in Resources */,
				49B36F921E2FD11E00D20CE9 /* Assets.xcassets in Resources */,
				49B36F901E2FD11E00D20CE9 /* Main.storyboard in Resources */,
			);
			runOnlyForDeploymentPostprocessing = 0;
		};
/* End PBXResourcesBuildPhase section */

/* Begin PBXShellScriptBuildPhase section */
		8D9EE58845611DE6CFAF9143 /* [CP] Copy Pods Resources */ = {
			isa = PBXShellScriptBuildPhase;
			buildActionMask = 2147483647;
			files = (
			);
			inputPaths = (
			);
			name = "[CP] Copy Pods Resources";
			outputPaths = (
			);
			runOnlyForDeploymentPostprocessing = 0;
			shellPath = /bin/sh;
			shellScript = "\"${SRCROOT}/Pods/Target Support Files/Pods-DecoratorRecipes/Pods-DecoratorRecipes-resources.sh\"\n";
			showEnvVarsInLog = 0;
		};
		AB1798D3C01F6346F6F8011A /* [CP] Check Pods Manifest.lock */ = {
			isa = PBXShellScriptBuildPhase;
			buildActionMask = 2147483647;
			files = (
			);
			inputPaths = (
			);
			name = "[CP] Check Pods Manifest.lock";
			outputPaths = (
			);
			runOnlyForDeploymentPostprocessing = 0;
			shellPath = /bin/sh;
			shellScript = "diff \"${PODS_ROOT}/../Podfile.lock\" \"${PODS_ROOT}/Manifest.lock\" > /dev/null\nif [ $? != 0 ] ; then\n    # print error to STDERR\n    echo \"error: The sandbox is not in sync with the Podfile.lock. Run 'pod install' or update your CocoaPods installation.\" >&2\n    exit 1\nfi\n";
			showEnvVarsInLog = 0;
		};
		D2E5A2E6D22B564F17ADE7DF /* [CP] Embed Pods Frameworks */ = {
			isa = PBXShellScriptBuildPhase;
			buildActionMask = 2147483647;
			files = (
			);
			inputPaths = (
			);
			name = "[CP] Embed Pods Frameworks";
			outputPaths = (
			);
			runOnlyForDeploymentPostprocessing = 0;
			shellPath = /bin/sh;
			shellScript = "\"${SRCROOT}/Pods/Target Support Files/Pods-DecoratorRecipes/Pods-DecoratorRecipes-frameworks.sh\"\n";
			showEnvVarsInLog = 0;
		};
/* End PBXShellScriptBuildPhase section */

/* Begin PBXSourcesBuildPhase section */
		49B36F831E2FD11D00D20CE9 /* Sources */ = {
			isa = PBXSourcesBuildPhase;
			buildActionMask = 2147483647;
			files = (
				4973F6AD1E30293F00EFAA10 /* Dictionary+Extensions.swift in Sources */,
				49AC21A31E2FD20F00EE8B7B /* NetworkAdapter.swift in Sources */,
				49AC21A51E2FDAF200EE8B7B /* RecipesManager.swift in Sources */,
				49B36F8D1E2FD11E00D20CE9 /* ViewController.swift in Sources */,
				49B36F8B1E2FD11D00D20CE9 /* AppDelegate.swift in Sources */,
			);
			runOnlyForDeploymentPostprocessing = 0;
		};
/* End PBXSourcesBuildPhase section */

/* Begin PBXVariantGroup section */
		49B36F8E1E2FD11E00D20CE9 /* Main.storyboard */ = {
			isa = PBXVariantGroup;
			children = (
				49B36F8F1E2FD11E00D20CE9 /* Base */,
			);
			name = Main.storyboard;
			sourceTree = "<group>";
		};
		49B36F931E2FD11E00D20CE9 /* LaunchScreen.storyboard */ = {
			isa = PBXVariantGroup;
			children = (
				49B36F941E2FD11E00D20CE9 /* Base */,
			);
			name = LaunchScreen.storyboard;
			sourceTree = "<group>";
		};
/* End PBXVariantGroup section */

/* Begin XCBuildConfiguration section */
		49B36F971E2FD11E00D20CE9 /* Debug */ = {
			isa = XCBuildConfiguration;
			buildSettings = {
				ALWAYS_SEARCH_USER_PATHS = NO;
				CLANG_ANALYZER_NONNULL = YES;
				CLANG_CXX_LANGUAGE_STANDARD = "gnu++0x";
				CLANG_CXX_LIBRARY = "libc++";
				CLANG_ENABLE_MODULES = YES;
				CLANG_ENABLE_OBJC_ARC = YES;
				CLANG_WARN_BOOL_CONVERSION = YES;
				CLANG_WARN_CONSTANT_CONVERSION = YES;
				CLANG_WARN_DIRECT_OBJC_ISA_USAGE = YES_ERROR;
				CLANG_WARN_DOCUMENTATION_COMMENTS = YES;
				CLANG_WARN_EMPTY_BODY = YES;
				CLANG_WARN_ENUM_CONVERSION = YES;
				CLANG_WARN_INFINITE_RECURSION = YES;
				CLANG_WARN_INT_CONVERSION = YES;
				CLANG_WARN_OBJC_ROOT_CLASS = YES_ERROR;
				CLANG_WARN_SUSPICIOUS_MOVE = YES;
				CLANG_WARN_UNREACHABLE_CODE = YES;
				CLANG_WARN__DUPLICATE_METHOD_MATCH = YES;
				"CODE_SIGN_IDENTITY[sdk=iphoneos*]" = "iPhone Developer";
				COPY_PHASE_STRIP = NO;
				DEBUG_INFORMATION_FORMAT = dwarf;
				ENABLE_STRICT_OBJC_MSGSEND = YES;
				ENABLE_TESTABILITY = YES;
				GCC_C_LANGUAGE_STANDARD = gnu99;
				GCC_DYNAMIC_NO_PIC = NO;
				GCC_NO_COMMON_BLOCKS = YES;
				GCC_OPTIMIZATION_LEVEL = 0;
				GCC_PREPROCESSOR_DEFINITIONS = (
					"DEBUG=1",
					"$(inherited)",
				);
				GCC_WARN_64_TO_32_BIT_CONVERSION = YES;
				GCC_WARN_ABOUT_RETURN_TYPE = YES_ERROR;
				GCC_WARN_UNDECLARED_SELECTOR = YES;
				GCC_WARN_UNINITIALIZED_AUTOS = YES_AGGRESSIVE;
				GCC_WARN_UNUSED_FUNCTION = YES;
				GCC_WARN_UNUSED_VARIABLE = YES;
				IPHONEOS_DEPLOYMENT_TARGET = 10.2;
				MTL_ENABLE_DEBUG_INFO = YES;
				ONLY_ACTIVE_ARCH = YES;
				SDKROOT = iphoneos;
				SWIFT_ACTIVE_COMPILATION_CONDITIONS = DEBUG;
				SWIFT_OPTIMIZATION_LEVEL = "-Onone";
				TARGETED_DEVICE_FAMILY = "1,2";
			};
			name = Debug;
		};
		49B36F981E2FD11E00D20CE9 /* Release */ = {
			isa = XCBuildConfiguration;
			buildSettings = {
				ALWAYS_SEARCH_USER_PATHS = NO;
				CLANG_ANALYZER_NONNULL = YES;
				CLANG_CXX_LANGUAGE_STANDARD = "gnu++0x";
				CLANG_CXX_LIBRARY = "libc++";
				CLANG_ENABLE_MODULES = YES;
				CLANG_ENABLE_OBJC_ARC = YES;
				CLANG_WARN_BOOL_CONVERSION = YES;
				CLANG_WARN_CONSTANT_CONVERSION = YES;
				CLANG_WARN_DIRECT_OBJC_ISA_USAGE = YES_ERROR;
				CLANG_WARN_DOCUMENTATION_COMMENTS = YES;
				CLANG_WARN_EMPTY_BODY = YES;
				CLANG_WARN_ENUM_CONVERSION = YES;
				CLANG_WARN_INFINITE_RECURSION = YES;
				CLANG_WARN_INT_CONVERSION = YES;
				CLANG_WARN_OBJC_ROOT_CLASS = YES_ERROR;
				CLANG_WARN_SUSPICIOUS_MOVE = YES;
				CLANG_WARN_UNREACHABLE_CODE = YES;
				CLANG_WARN__DUPLICATE_METHOD_MATCH = YES;
				"CODE_SIGN_IDENTITY[sdk=iphoneos*]" = "iPhone Developer";
				COPY_PHASE_STRIP = NO;
				DEBUG_INFORMATION_FORMAT = "dwarf-with-dsym";
				ENABLE_NS_ASSERTIONS = NO;
				ENABLE_STRICT_OBJC_MSGSEND = YES;
				GCC_C_LANGUAGE_STANDARD = gnu99;
				GCC_NO_COMMON_BLOCKS = YES;
				GCC_WARN_64_TO_32_BIT_CONVERSION = YES;
				GCC_WARN_ABOUT_RETURN_TYPE = YES_ERROR;
				GCC_WARN_UNDECLARED_SELECTOR = YES;
				GCC_WARN_UNINITIALIZED_AUTOS = YES_AGGRESSIVE;
				GCC_WARN_UNUSED_FUNCTION = YES;
				GCC_WARN_UNUSED_VARIABLE = YES;
				IPHONEOS_DEPLOYMENT_TARGET = 10.2;
				MTL_ENABLE_DEBUG_INFO = NO;
				SDKROOT = iphoneos;
				SWIFT_OPTIMIZATION_LEVEL = "-Owholemodule";
				TARGETED_DEVICE_FAMILY = "1,2";
				VALIDATE_PRODUCT = YES;
			};
			name = Release;
		};
		49B36F9A1E2FD11E00D20CE9 /* Debug */ = {
			isa = XCBuildConfiguration;
			baseConfigurationReference = B18309C89BD10417C7B31BFC /* Pods-DecoratorRecipes.debug.xcconfig */;
			buildSettings = {
				ASSETCATALOG_COMPILER_APPICON_NAME = AppIcon;
				DEVELOPMENT_TEAM = 334C9KDJCL;
				INFOPLIST_FILE = DecoratorRecipes/Info.plist;
				LD_RUNPATH_SEARCH_PATHS = "$(inherited) @executable_path/Frameworks";
				PRODUCT_BUNDLE_IDENTIFIER = ALV.DecoratorRecipes;
				PRODUCT_NAME = "$(TARGET_NAME)";
				SWIFT_VERSION = 3.0;
			};
			name = Debug;
		};
		49B36F9B1E2FD11E00D20CE9 /* Release */ = {
			isa = XCBuildConfiguration;
			baseConfigurationReference = 73070C9C7962BBA72A7DA7D5 /* Pods-DecoratorRecipes.release.xcconfig */;
			buildSettings = {
				ASSETCATALOG_COMPILER_APPICON_NAME = AppIcon;
				DEVELOPMENT_TEAM = 334C9KDJCL;
				INFOPLIST_FILE = DecoratorRecipes/Info.plist;
				LD_RUNPATH_SEARCH_PATHS = "$(inherited) @executable_path/Frameworks";
				PRODUCT_BUNDLE_IDENTIFIER = ALV.DecoratorRecipes;
				PRODUCT_NAME = "$(TARGET_NAME)";
				SWIFT_VERSION = 3.0;
			};
			name = Release;
		};
/* End XCBuildConfiguration section */

/* Begin XCConfigurationList section */
		49B36F821E2FD11D00D20CE9 /* Build configuration list for PBXProject "DecoratorRecipes" */ = {
			isa = XCConfigurationList;
			buildConfigurations = (
				49B36F971E2FD11E00D20CE9 /* Debug */,
				49B36F981E2FD11E00D20CE9 /* Release */,
			);
			defaultConfigurationIsVisible = 0;
			defaultConfigurationName = Release;
		};
		49B36F991E2FD11E00D20CE9 /* Build configuration list for PBXNativeTarget "DecoratorRecipes" */ = {
			isa = XCConfigurationList;
			buildConfigurations = (
				49B36F9A1E2FD11E00D20CE9 /* Debug */,
				49B36F9B1E2FD11E00D20CE9 /* Release */,
			);
			defaultConfigurationIsVisible = 0;
			defaultConfigurationName = Release;
		};
/* End XCConfigurationList section */
	};
	rootObject = 49B36F7F1E2FD11D00D20CE9 /* Project object */;
}
